
Microsoft Visual Studio Solution File, Format Version 12.00
# Visual Studio Version 17
VisualStudioVersion = 17.2.32630.192
MinimumVisualStudioVersion = 10.0.40219.1
Project("{FAE04EC0-301F-11D3-BF4B-00C04F79EFBC}") = "StockManagement", "StockManagement.csproj", "{AAA52D76-369B-42D9-81AD-25A927777D4C}"
EndProject
Global
	GlobalSection(SolutionConfigurationPlatforms) = preSolution
		Debug|Any CPU = Debug|Any CPU
		Release|Any CPU = Release|Any CPU
	EndGlobalSection
	GlobalSection(ProjectConfigurationPlatforms) = postSolution
		{AAA52D76-369B-42D9-81AD-25A927777D4C}.Debug|Any CPU.ActiveCfg = Debug|Any CPU
		{AAA52D76-369B-42D9-81AD-25A927777D4C}.Debug|Any CPU.Build.0 = Debug|Any CPU
		{AAA52D76-369B-42D9-81AD-25A927777D4C}.Release|Any CPU.ActiveCfg = Release|Any CPU
		{AAA52D76-369B-42D9-81AD-25A927777D4C}.Release|Any CPU.Build.0 = Release|Any CPU
	EndGlobalSection
	GlobalSection(SolutionProperties) = preSolution
		HideSolutionNode = FALSE
	EndGlobalSection
	GlobalSection(ExtensibilityGlobals) = postSolution
		SolutionGuid = {3A202845-41F6-41AF-BD09-E4E7A5E6CF26}
	EndGlobalSection
EndGlobal
